
Microsoft Visual Studio Solution File, Format Version 12.00
# Visual Studio Version 17
VisualStudioVersion = 17.4.33213.308
MinimumVisualStudioVersion = 10.0.40219.1
Project("{FAE04EC0-301F-11D3-BF4B-00C04F79EFBC}") = "ERC_test_task", "ERC_test_task\ERC_test_task.csproj", "{9259C603-13DD-480A-AB80-0CE1419C1FD9}"
EndProject
Global
	GlobalSection(SolutionConfigurationPlatforms) = preSolution
		Debug|Any CPU = Debug|Any CPU
		Release|Any CPU = Release|Any CPU
	EndGlobalSection
	GlobalSection(ProjectConfigurationPlatforms) = postSolution
		{9259C603-13DD-480A-AB80-0CE1419C1FD9}.Debug|Any CPU.ActiveCfg = Debug|Any CPU
		{9259C603-13DD-480A-AB80-0CE1419C1FD9}.Debug|Any CPU.Build.0 = Debug|Any CPU
		{9259C603-13DD-480A-AB80-0CE1419C1FD9}.Release|Any CPU.ActiveCfg = Release|Any CPU
		{9259C603-13DD-480A-AB80-0CE1419C1FD9}.Release|Any CPU.Build.0 = Release|Any CPU
	EndGlobalSection
	GlobalSection(SolutionProperties) = preSolution
		HideSolutionNode = FALSE
	EndGlobalSection
	GlobalSection(ExtensibilityGlobals) = postSolution
		SolutionGuid = {F9F4C535-C33B-4889-895C-43DE1888359C}
	EndGlobalSection
EndGlobal
